<?xml version="1.0" encoding="utf-8"?>
<Project ToolsVersion="4.0" xmlns="http://schemas.microsoft.com/developer/msbuild/2003">
  <ItemGroup>
    <Filter Include="Pliki źródłowe">
      <UniqueIdentifier>{4FC737F1-C7A5-4376-A066-2A32D752A2FF}</UniqueIdentifier>
      <Extensions>cpp;c;cc;cxx;c++;cppm;ixx;def;odl;idl;hpj;bat;asm;asmx</Extensions>
    </Filter>
    <Filter Include="Pliki nagłówkowe">
      <UniqueIdentifier>{93995380-89BD-4b04-88EB-625FBE52EBFB}</UniqueIdentifier>
      <Extensions>h;hh;hpp;hxx;h++;hm;inl;inc;ipp;xsd</Extensions>
    </Filter>
    <Filter Include="Pliki zasobów">
      <UniqueIdentifier>{67DA6AB6-F800-4c08-8B7A-83BB121AAD01}</UniqueIdentifier>
      <Extensions>rc;ico;cur;bmp;dlg;rc2;rct;bin;rgs;gif;jpg;jpeg;jpe;resx;tiff;tif;png;wav;mfcribbon-ms</Extensions>
    </Filter>
    <Filter Include="Pliki nagłówkowe\_0">
      <UniqueIdentifier>{483f31db-cba6-4030-bb7b-d6ea4a8c539c}</UniqueIdentifier>
    </Filter>
    <Filter Include="Pliki nagłówkowe\_1">
      <UniqueIdentifier>{e2119b38-6ce6-4024-ad33-3d6b09e6ce21}</UniqueIdentifier>
    </Filter>
    <Filter Include="Pliki nagłówkowe\_2">
      <UniqueIdentifier>{d8ec4631-627b-4797-8757-e9fc817c1172}</UniqueIdentifier>
    </Filter>
    <Filter Include="Pliki źródłowe\_1 Basic Syntax">
      <UniqueIdentifier>{14555d62-36f6-4eb6-8909-5bc970c182f5}</UniqueIdentifier>
    </Filter>
    <Filter Include="Pliki źródłowe\_2 structures">
      <UniqueIdentifier>{35e93a6d-05e9-4cd4-a1bd-bab2e313ccbb}</UniqueIdentifier>
    </Filter>
    <Filter Include="Pliki źródłowe\snippets">
      <UniqueIdentifier>{37541ab6-3e54-4e5b-ad69-e6445070a9d2}</UniqueIdentifier>
    </Filter>
  </ItemGroup>
  <ItemGroup>
    <ClCompile Include="main.cpp">
      <Filter>Pliki źródłowe</Filter>
    </ClCompile>
    <ClCompile Include="calculator.cpp">
      <Filter>Pliki źródłowe\snippets</Filter>
    </ClCompile>
    <ClCompile Include="switches.cpp">
      <Filter>Pliki źródłowe\_1 Basic Syntax</Filter>
    </ClCompile>
    <ClCompile Include="forLoops.cpp">
      <Filter>Pliki źródłowe\_1 Basic Syntax</Filter>
    </ClCompile>
    <ClCompile Include="whileLoops.cpp">
      <Filter>Pliki źródłowe\_1 Basic Syntax</Filter>
    </ClCompile>
    <ClCompile Include="arrays.cpp">
      <Filter>Pliki źródłowe\_2 structures</Filter>
    </ClCompile>
  </ItemGroup>
  <ItemGroup>
    <ClInclude Include="main.h">
      <Filter>Pliki nagłówkowe</Filter>
    </ClInclude>
    <ClInclude Include="whileLoops.h">
      <Filter>Pliki nagłówkowe\_1</Filter>
    </ClInclude>
    <ClInclude Include="switches.h">
      <Filter>Pliki nagłówkowe\_1</Filter>
    </ClInclude>
    <ClInclude Include="_externalLibs.h">
      <Filter>Pliki nagłówkowe</Filter>
    </ClInclude>
    <ClInclude Include="forLoops.h">
      <Filter>Pliki nagłówkowe\_1</Filter>
    </ClInclude>
    <ClInclude Include="arrays.h">
      <Filter>Pliki nagłówkowe\_2</Filter>
    </ClInclude>
    <ClInclude Include="calculator.h">
      <Filter>Pliki nagłówkowe\_0</Filter>
    </ClInclude>
  </ItemGroup>
</Project>